
Microsoft Visual Studio Solution File, Format Version 12.00
# Visual Studio Version 17
VisualStudioVersion = 17.7.34031.279
MinimumVisualStudioVersion = 10.0.40219.1
Project("{8BC9CEB8-8B4A-11D0-8D11-00A0C91BC942}") = "Day 3", "Day 3.vcxproj", "{6A3286EF-C9D4-4814-B276-200E69BD7CBE}"
EndProject
Global
	GlobalSection(SolutionConfigurationPlatforms) = preSolution
		Debug|x64 = Debug|x64
		Debug|x86 = Debug|x86
		Release|x64 = Release|x64
		Release|x86 = Release|x86
	EndGlobalSection
	GlobalSection(ProjectConfigurationPlatforms) = postSolution
		{6A3286EF-C9D4-4814-B276-200E69BD7CBE}.Debug|x64.ActiveCfg = Debug|x64
		{6A3286EF-C9D4-4814-B276-200E69BD7CBE}.Debug|x64.Build.0 = Debug|x64
		{6A3286EF-C9D4-4814-B276-200E69BD7CBE}.Debug|x86.ActiveCfg = Debug|Win32
		{6A3286EF-C9D4-4814-B276-200E69BD7CBE}.Debug|x86.Build.0 = Debug|Win32
		{6A3286EF-C9D4-4814-B276-200E69BD7CBE}.Release|x64.ActiveCfg = Release|x64
		{6A3286EF-C9D4-4814-B276-200E69BD7CBE}.Release|x64.Build.0 = Release|x64
		{6A3286EF-C9D4-4814-B276-200E69BD7CBE}.Release|x86.ActiveCfg = Release|Win32
		{6A3286EF-C9D4-4814-B276-200E69BD7CBE}.Release|x86.Build.0 = Release|Win32
	EndGlobalSection
	GlobalSection(SolutionProperties) = preSolution
		HideSolutionNode = FALSE
	EndGlobalSection
	GlobalSection(ExtensibilityGlobals) = postSolution
		SolutionGuid = {FBFD55B2-F121-4A35-8388-37A3E7287331}
	EndGlobalSection
EndGlobal
